<?xml version="1.0" encoding="utf-8"?>
<Project ToolsVersion="4.0" xmlns="http://schemas.microsoft.com/developer/msbuild/2003">
  <ItemGroup>
    <Filter Include="Source Files">
      <UniqueIdentifier>{4FC737F1-C7A5-4376-A066-2A32D752A2FF}</UniqueIdentifier>
      <Extensions>cpp;c;cc;cxx;c++;cppm;ixx;def;odl;idl;hpj;bat;asm;asmx</Extensions>
    </Filter>
    <Filter Include="Header Files">
      <UniqueIdentifier>{93995380-89BD-4b04-88EB-625FBE52EBFB}</UniqueIdentifier>
      <Extensions>h;hh;hpp;hxx;h++;hm;inl;inc;ipp;xsd</Extensions>
    </Filter>
    <Filter Include="Resource Files">
      <UniqueIdentifier>{67DA6AB6-F800-4c08-8B7A-83BB121AAD01}</UniqueIdentifier>
      <Extensions>rc;ico;cur;bmp;dlg;rc2;rct;bin;rgs;gif;jpg;jpeg;jpe;resx;tiff;tif;png;wav;mfcribbon-ms</Extensions>
    </Filter>
  </ItemGroup>
  <ItemGroup>
    <ClCompile Include="entry.cpp">
      <Filter>Source Files</Filter>
    </ClCompile>
    <ClCompile Include="pch.cpp">
      <Filter>Source Files</Filter>
    </ClCompile>
    <ClCompile Include="System\Services.cpp">
      <Filter>Source Files</Filter>
    </ClCompile>
    <ClCompile Include="Application.cpp">
      <Filter>Source Files</Filter>
    </ClCompile>
    <ClCompile Include="Graphics\Texture.cpp">
      <Filter>Source Files</Filter>
    </ClCompile>
    <ClCompile Include="Graphics\ProgressBar.cpp">
      <Filter>Source Files</Filter>
    </ClCompile>
    <ClCompile Include="Scenes\Scene.cpp">
      <Filter>Source Files</Filter>
    </ClCompile>
    <ClCompile Include="System\SceneManager.cpp">
      <Filter>Source Files</Filter>
    </ClCompile>
    <ClCompile Include="Scenes\BattleScene.cpp">
      <Filter>Source Files</Filter>
    </ClCompile>
    <ClCompile Include="Scenes\MenuScene.cpp">
      <Filter>Source Files</Filter>
    </ClCompile>
    <ClCompile Include="Scenes\ShopScene.cpp">
      <Filter>Source Files</Filter>
    </ClCompile>
    <ClCompile Include="Scenes\MapScene.cpp">
      <Filter>Source Files</Filter>
    </ClCompile>
    <ClCompile Include="Gameplay\Player\Player.cpp">
      <Filter>Source Files</Filter>
    </ClCompile>
    <ClCompile Include="Gameplay\Enemies\Enemy.cpp">
      <Filter>Source Files</Filter>
    </ClCompile>
    <ClCompile Include="Gameplay\Enemies\ScalingEvilPlayer.cpp">
      <Filter>Source Files</Filter>
    </ClCompile>
    <ClCompile Include="Gameplay\Entity.cpp">
      <Filter>Source Files</Filter>
    </ClCompile>
    <ClCompile Include="Gameplay\Cards\Deck.cpp">
      <Filter>Source Files</Filter>
    </ClCompile>
    <ClCompile Include="Gameplay\Cards\Card.cpp">
      <Filter>Source Files</Filter>
    </ClCompile>
    <ClCompile Include="Gameplay\Cards\OperandCard.cpp">
      <Filter>Source Files</Filter>
    </ClCompile>
    <ClCompile Include="Gameplay\Cards\NumberCard.cpp">
      <Filter>Source Files</Filter>
    </ClCompile>
    <ClCompile Include="System\Collision.cpp">
      <Filter>Source Files</Filter>
    </ClCompile>
    <ClCompile Include="Graphics\Animation.cpp">
      <Filter>Source Files</Filter>
    </ClCompile>
    <ClCompile Include="System\Input.cpp">
      <Filter>Source Files</Filter>
    </ClCompile>
    <ClCompile Include="Gameplay\Enemies\GreenPlayer.cpp">
      <Filter>Source Files</Filter>
    </ClCompile>
    <ClCompile Include="Gameplay\World\WorldMap.cpp">
      <Filter>Source Files</Filter>
    </ClCompile>
    <ClCompile Include="Gameplay\World\MapNode.cpp">
      <Filter>Source Files</Filter>
    </ClCompile>
  </ItemGroup>
  <ItemGroup>
    <ClInclude Include="pch.h">
      <Filter>Header Files</Filter>
    </ClInclude>
    <ClInclude Include="System\Services.h">
      <Filter>Header Files</Filter>
    </ClInclude>
    <ClInclude Include="Application.h">
      <Filter>Header Files</Filter>
    </ClInclude>
    <ClInclude Include="Graphics\Texture.h">
      <Filter>Header Files</Filter>
    </ClInclude>
    <ClInclude Include="Graphics\ProgressBar.h">
      <Filter>Header Files</Filter>
    </ClInclude>
    <ClInclude Include="Scenes\Scene.h">
      <Filter>Header Files</Filter>
    </ClInclude>
    <ClInclude Include="System\SceneManager.h">
      <Filter>Header Files</Filter>
    </ClInclude>
    <ClInclude Include="Scenes\BattleScene.h">
      <Filter>Header Files</Filter>
    </ClInclude>
    <ClInclude Include="Scenes\MenuScene.h">
      <Filter>Header Files</Filter>
    </ClInclude>
    <ClInclude Include="Scenes\ShopScene.h">
      <Filter>Header Files</Filter>
    </ClInclude>
    <ClInclude Include="Scenes\MapScene.h">
      <Filter>Header Files</Filter>
    </ClInclude>
    <ClInclude Include="Gameplay\Player\Player.h">
      <Filter>Header Files</Filter>
    </ClInclude>
    <ClInclude Include="Gameplay\Enemies\Enemy.h">
      <Filter>Header Files</Filter>
    </ClInclude>
    <ClInclude Include="Gameplay\Enemies\ScalingEvilPlayer.h">
      <Filter>Header Files</Filter>
    </ClInclude>
    <ClInclude Include="Gameplay\Entity.h">
      <Filter>Header Files</Filter>
    </ClInclude>
    <ClInclude Include="Gameplay\Cards\Deck.h">
      <Filter>Header Files</Filter>
    </ClInclude>
    <ClInclude Include="Gameplay\Cards\Card.h">
      <Filter>Header Files</Filter>
    </ClInclude>
    <ClInclude Include="Gameplay\Cards\OperandCard.h">
      <Filter>Header Files</Filter>
    </ClInclude>
    <ClInclude Include="Gameplay\Cards\NumberCard.h">
      <Filter>Header Files</Filter>
    </ClInclude>
    <ClInclude Include="System\Collision.h">
      <Filter>Header Files</Filter>
    </ClInclude>
    <ClInclude Include="Graphics\Animation.h">
      <Filter>Header Files</Filter>
    </ClInclude>
    <ClInclude Include="System\Input.h">
      <Filter>Header Files</Filter>
    </ClInclude>
    <ClInclude Include="Gameplay\Enemies\GreenPlayer.h">
      <Filter>Header Files</Filter>
    </ClInclude>
    <ClInclude Include="Gameplay\World\WorldMap.h">
      <Filter>Header Files</Filter>
    </ClInclude>
    <ClInclude Include="Gameplay\World\MapNode.h">
      <Filter>Header Files</Filter>
    </ClInclude>
  </ItemGroup>
  <ItemGroup>
    <Image Include="Content\cat.png">
      <Filter>Resource Files</Filter>
    </Image>
    <Image Include="Content\cat2.png">
      <Filter>Resource Files</Filter>
    </Image>
    <Image Include="Content\TestNumberCard.png">
      <Filter>Resource Files</Filter>
    </Image>
    <Image Include="Content\TestOperandCard.png">
      <Filter>Resource Files</Filter>
    </Image>
    <Image Include="Content\MissingCard.png">
      <Filter>Resource Files</Filter>
    </Image>
    <Image Include="Content\Cards\Operands\Addition.png">
      <Filter>Resource Files</Filter>
    </Image>
    <Image Include="Content\Cards\Operands\Division.png">
      <Filter>Resource Files</Filter>
    </Image>
    <Image Include="Content\Cards\Operands\Multiplication.png">
      <Filter>Resource Files</Filter>
    </Image>
    <Image Include="Content\Cards\Operands\Subtraction.png">
      <Filter>Resource Files</Filter>
    </Image>
    <Image Include="Content\Cards\Numbers\1.png">
      <Filter>Resource Files</Filter>
    </Image>
    <Image Include="Content\Cards\Numbers\2.png">
      <Filter>Resource Files</Filter>
    </Image>
    <Image Include="Content\Cards\Numbers\3.png">
      <Filter>Resource Files</Filter>
    </Image>
    <Image Include="Content\Cards\Numbers\4.png">
      <Filter>Resource Files</Filter>
    </Image>
    <Image Include="Content\Cards\Numbers\5.png">
      <Filter>Resource Files</Filter>
    </Image>
    <Image Include="Content\Cards\Numbers\6.png">
      <Filter>Resource Files</Filter>
    </Image>
    <Image Include="Content\Cards\Numbers\7.png">
      <Filter>Resource Files</Filter>
    </Image>
    <Image Include="Content\Cards\Numbers\8.png">
      <Filter>Resource Files</Filter>
    </Image>
    <Image Include="Content\Cards\Numbers\9.png">
      <Filter>Resource Files</Filter>
    </Image>
    <Image Include="Content\Cards\Numbers\10.png">
      <Filter>Resource Files</Filter>
    </Image>
    <Image Include="Content\Cards\Numbers\12.png">
      <Filter>Resource Files</Filter>
    </Image>
    <Image Include="Content\Cards\Numbers\15.png">
      <Filter>Resource Files</Filter>
    </Image>
    <Image Include="Content\Cards\Numbers\18.png">
      <Filter>Resource Files</Filter>
    </Image>
    <Image Include="Content\Cards\Numbers\20.png">
      <Filter>Resource Files</Filter>
    </Image>
    <Image Include="Content\Cards\Numbers\50.png">
      <Filter>Resource Files</Filter>
    </Image>
    <Image Include="Content\Menu\Background.png">
      <Filter>Resource Files</Filter>
    </Image>
    <Image Include="Content\Menu\ExitButton.png">
      <Filter>Resource Files</Filter>
    </Image>
    <Image Include="Content\Menu\PlayButton.png">
      <Filter>Resource Files</Filter>
    </Image>
    <Image Include="Content\Screens\BattleScene_EnemyDied.png">
      <Filter>Resource Files</Filter>
    </Image>
    <Image Include="Content\Screens\BattleScene_ExitToMenuButton.png">
      <Filter>Resource Files</Filter>
    </Image>
    <Image Include="Content\Screens\BattleScene_GoToShopButton.png">
      <Filter>Resource Files</Filter>
    </Image>
    <Image Include="Content\Screens\BattleScene_PlayerDied.png">
      <Filter>Resource Files</Filter>
    </Image>
    <Image Include="Content\Buttons\ClearButton.png">
      <Filter>Resource Files</Filter>
    </Image>
    <Image Include="Content\Buttons\DiscardButton.png">
      <Filter>Resource Files</Filter>
    </Image>
    <Image Include="Content\Buttons\SubmitButton.png">
      <Filter>Resource Files</Filter>
    </Image>
    <Image Include="Content\Promo\itch_cover_image.png">
      <Filter>Resource Files</Filter>
    </Image>
    <Image Include="Content\Shop\PurchasedCardOverlay.png">
      <Filter>Resource Files</Filter>
    </Image>
    <Image Include="Content\Spritesheets\Blue_Player.png">
      <Filter>Resource Files</Filter>
    </Image>
    <Image Include="Content\Spritesheets\Layout.png">
      <Filter>Resource Files</Filter>
    </Image>
    <Image Include="Content\Spritesheets\White_Player.png">
      <Filter>Resource Files</Filter>
    </Image>
    <Image Include="Content\Spritesheets\Goblin.png">
      <Filter>Resource Files</Filter>
    </Image>
    <Image Include="Content\Map\Temporary.png">
      <Filter>Resource Files</Filter>
    </Image>
    <Image Include="Content\Map\Cross.png">
      <Filter>Resource Files</Filter>
    </Image>
  </ItemGroup>
</Project>